
Microsoft Visual Studio Solution File, Format Version 12.00
# Visual Studio Version 17
VisualStudioVersion = 17.2.32526.322
MinimumVisualStudioVersion = 10.0.40219.1
Project("{FAE04EC0-301F-11D3-BF4B-00C04F79EFBC}") = "webdemo", "webdemo.csproj", "{50DEF76A-E82D-4D75-B897-7867EFB3C428}"
EndProject
Global
	GlobalSection(SolutionConfigurationPlatforms) = preSolution
		Debug|Any CPU = Debug|Any CPU
		Release|Any CPU = Release|Any CPU
	EndGlobalSection
	GlobalSection(ProjectConfigurationPlatforms) = postSolution
		{50DEF76A-E82D-4D75-B897-7867EFB3C428}.Debug|Any CPU.ActiveCfg = Debug|Any CPU
		{50DEF76A-E82D-4D75-B897-7867EFB3C428}.Debug|Any CPU.Build.0 = Debug|Any CPU
		{50DEF76A-E82D-4D75-B897-7867EFB3C428}.Release|Any CPU.ActiveCfg = Release|Any CPU
		{50DEF76A-E82D-4D75-B897-7867EFB3C428}.Release|Any CPU.Build.0 = Release|Any CPU
	EndGlobalSection
	GlobalSection(SolutionProperties) = preSolution
		HideSolutionNode = FALSE
	EndGlobalSection
	GlobalSection(ExtensibilityGlobals) = postSolution
		SolutionGuid = {51AD098D-19CB-449A-807C-9BFFD5AADED1}
	EndGlobalSection
EndGlobal
