
Microsoft Visual Studio Solution File, Format Version 12.00
# Visual Studio Version 17
VisualStudioVersion = 17.2.32526.322
MinimumVisualStudioVersion = 10.0.40219.1
Project("{FAE04EC0-301F-11D3-BF4B-00C04F79EFBC}") = "web4", "web4.csproj", "{DBBB8DBF-236F-4D31-9B69-EABE283F29B5}"
EndProject
Global
	GlobalSection(SolutionConfigurationPlatforms) = preSolution
		Debug|Any CPU = Debug|Any CPU
		Release|Any CPU = Release|Any CPU
	EndGlobalSection
	GlobalSection(ProjectConfigurationPlatforms) = postSolution
		{DBBB8DBF-236F-4D31-9B69-EABE283F29B5}.Debug|Any CPU.ActiveCfg = Debug|Any CPU
		{DBBB8DBF-236F-4D31-9B69-EABE283F29B5}.Debug|Any CPU.Build.0 = Debug|Any CPU
		{DBBB8DBF-236F-4D31-9B69-EABE283F29B5}.Release|Any CPU.ActiveCfg = Release|Any CPU
		{DBBB8DBF-236F-4D31-9B69-EABE283F29B5}.Release|Any CPU.Build.0 = Release|Any CPU
	EndGlobalSection
	GlobalSection(SolutionProperties) = preSolution
		HideSolutionNode = FALSE
	EndGlobalSection
	GlobalSection(ExtensibilityGlobals) = postSolution
		SolutionGuid = {9EA2B019-C49C-4E99-ADA3-6769ED2EDFBA}
	EndGlobalSection
EndGlobal
