
Microsoft Visual Studio Solution File, Format Version 12.00
# Visual Studio Version 17
VisualStudioVersion = 17.2.32516.85
MinimumVisualStudioVersion = 10.0.40219.1
Project("{FAE04EC0-301F-11D3-BF4B-00C04F79EFBC}") = "web1", "web1\web1.csproj", "{7302E562-1641-46BC-89B1-3FEAD5671C96}"
EndProject
Global
	GlobalSection(SolutionConfigurationPlatforms) = preSolution
		Debug|Any CPU = Debug|Any CPU
		Release|Any CPU = Release|Any CPU
	EndGlobalSection
	GlobalSection(ProjectConfigurationPlatforms) = postSolution
		{7302E562-1641-46BC-89B1-3FEAD5671C96}.Debug|Any CPU.ActiveCfg = Debug|Any CPU
		{7302E562-1641-46BC-89B1-3FEAD5671C96}.Debug|Any CPU.Build.0 = Debug|Any CPU
		{7302E562-1641-46BC-89B1-3FEAD5671C96}.Release|Any CPU.ActiveCfg = Release|Any CPU
		{7302E562-1641-46BC-89B1-3FEAD5671C96}.Release|Any CPU.Build.0 = Release|Any CPU
	EndGlobalSection
	GlobalSection(SolutionProperties) = preSolution
		HideSolutionNode = FALSE
	EndGlobalSection
	GlobalSection(ExtensibilityGlobals) = postSolution
		SolutionGuid = {C86B0EB1-E4F1-460E-989E-6040C9FB2CB0}
	EndGlobalSection
EndGlobal
